// !$*UTF8*$!
{
	archiveVersion = 1;
	classes = {
	};
	objectVersion = 46;
	objects = {

/* Begin PBXBuildFile section */
		81A3862B1CA08FD4007265F3 /* AppDelegate.swift in Sources */ = {isa = PBXBuildFile; fileRef = 81A3862A1CA08FD4007265F3 /* AppDelegate.swift */; };
		81A3862D1CA08FD4007265F3 /* ViewController.swift in Sources */ = {isa = PBXBuildFile; fileRef = 81A3862C1CA08FD4007265F3 /* ViewController.swift */; };
		81A386301CA08FD4007265F3 /* Main.storyboard in Resources */ = {isa = PBXBuildFile; fileRef = 81A3862E1CA08FD4007265F3 /* Main.storyboard */; };
		81A386321CA08FD4007265F3 /* Assets.xcassets in Resources */ = {isa = PBXBuildFile; fileRef = 81A386311CA08FD4007265F3 /* Assets.xcassets */; };
		81A386351CA08FD4007265F3 /* LaunchScreen.storyboard in Resources */ = {isa = PBXBuildFile; fileRef = 81A386331CA08FD4007265F3 /* LaunchScreen.storyboard */; };
/* End PBXBuildFile section */

/* Begin PBXFileReference section */
		81A386271CA08FD4007265F3 /* YelpDemo.app */ = {isa = PBXFileReference; explicitFileType = wrapper.application; includeInIndex = 0; path = YelpDemo.app; sourceTree = BUILT_PRODUCTS_DIR; };
		81A3862A1CA08FD4007265F3 /* AppDelegate.swift */ = {isa = PBXFileReference; lastKnownFileType = sourcecode.swift; path = AppDelegate.swift; sourceTree = "<group>"; };
		81A3862C1CA08FD4007265F3 /* ViewController.swift */ = {isa = PBXFileReference; lastKnownFileType = sourcecode.swift; path = ViewController.swift; sourceTree = "<group>"; };
		81A3862F1CA08FD4007265F3 /* Base */ = {isa = PBXFileReference; lastKnownFileType = file.storyboard; name = Base; path = Base.lproj/Main.storyboard; sourceTree = "<group>"; };
		81A386311CA08FD4007265F3 /* Assets.xcassets */ = {isa = PBXFileReference; lastKnownFileType = folder.assetcatalog; path = Assets.xcassets; sourceTree = "<group>"; };
		81A386341CA08FD4007265F3 /* Base */ = {isa = PBXFileReference; lastKnownFileType = file.storyboard; name = Base; path = Base.lproj/LaunchScreen.storyboard; sourceTree = "<group>"; };
		81A386361CA08FD4007265F3 /* Info.plist */ = {isa = PBXFileReference; lastKnownFileType = text.plist.xml; path = Info.plist; sourceTree = "<group>"; };
/* End PBXFileReference section */

/* Begin PBXFrameworksBuildPhase section */
		81A386241CA08FD4007265F3 /* Frameworks */ = {
			isa = PBXFrameworksBuildPhase;
			buildActionMask = 2147483647;
			files = (
			);
			runOnlyForDeploymentPostprocessing = 0;
		};
/* End PBXFrameworksBuildPhase section */

/* Begin PBXGroup section */
		81A3861E1CA08FD4007265F3 = {
			isa = PBXGroup;
			children = (
				81A386291CA08FD4007265F3 /* YelpDemo */,
				81A386281CA08FD4007265F3 /* Products */,
			);
			sourceTree = "<group>";
		};
		81A386281CA08FD4007265F3 /* Products */ = {
			isa = PBXGroup;
			children = (
				81A386271CA08FD4007265F3 /* YelpDemo.app */,
			);
			name = Products;
			sourceTree = "<group>";
		};
		81A386291CA08FD4007265F3 /* YelpDemo */ = {
			isa = PBXGroup;
			children = (
				81A3862A1CA08FD4007265F3 /* AppDelegate.swift */,
				81A3862C1CA08FD4007265F3 /* ViewController.swift */,
				81A3862E1CA08FD4007265F3 /* Main.storyboard */,
				81A386311CA08FD4007265F3 /* Assets.xcassets */,
				81A386331CA08FD4007265F3 /* LaunchScreen.storyboard */,
				81A386361CA08FD4007265F3 /* Info.plist */,
			);
			path = YelpDemo;
			sourceTree = "<group>";
		};
/* End PBXGroup section */

/* Begin PBXNativeTarget section */
		81A386261CA08FD4007265F3 /* YelpDemo */ = {
			isa = PBXNativeTarget;
			buildConfigurationList = 81A386391CA08FD4007265F3 /* Build configuration list for PBXNativeTarget "YelpDemo" */;
			buildPhases = (
				81A386231CA08FD4007265F3 /* Sources */,
				81A386241CA08FD4007265F3 /* Frameworks */,
				81A386251CA08FD4007265F3 /* Resources */,
			);
			buildRules = (
			);
			dependencies = (
			);
			name = YelpDemo;
			productName = YelpDemo;
			productReference = 81A386271CA08FD4007265F3 /* YelpDemo.app */;
			productType = "com.apple.product-type.application";
		};
/* End PBXNativeTarget section */

/* Begin PBXProject section */
		81A3861F1CA08FD4007265F3 /* Project object */ = {
			isa = PBXProject;
			attributes = {
				LastSwiftUpdateCheck = 0720;
				LastUpgradeCheck = 0720;
				ORGANIZATIONNAME = julie.yaunches;
				TargetAttributes = {
					81A386261CA08FD4007265F3 = {
						CreatedOnToolsVersion = 7.2;
					};
				};
			};
			buildConfigurationList = 81A386221CA08FD4007265F3 /* Build configuration list for PBXProject "YelpDemo" */;
			compatibilityVersion = "Xcode 3.2";
			developmentRegion = English;
			hasScannedForEncodings = 0;
			knownRegions = (
				en,
				Base,
			);
			mainGroup = 81A3861E1CA08FD4007265F3;
			productRefGroup = 81A386281CA08FD4007265F3 /* Products */;
			projectDirPath = "";
			projectRoot = "";
			targets = (
				81A386261CA08FD4007265F3 /* YelpDemo */,
			);
		};
/* End PBXProject section */

/* Begin PBXResourcesBuildPhase section */
		81A386251CA08FD4007265F3 /* Resources */ = {
			isa = PBXResourcesBuildPhase;
			buildActionMask = 2147483647;
			files = (
				81A386351CA08FD4007265F3 /* LaunchScreen.storyboard in Resources */,
				81A386321CA08FD4007265F3 /* Assets.xcassets in Resources */,
				81A386301CA08FD4007265F3 /* Main.storyboard in Resources */,
			);
			runOnlyForDeploymentPostprocessing = 0;
		};
/* End PBXResourcesBuildPhase section */

/* Begin PBXSourcesBuildPhase section */
		81A386231CA08FD4007265F3 /* Sources */ = {
			isa = PBXSourcesBuildPhase;
			buildActionMask = 2147483647;
			files = (
				81A3862D1CA08FD4007265F3 /* ViewController.swift in Sources */,
				81A3862B1CA08FD4007265F3 /* AppDelegate.swift in Sources */,
			);
			runOnlyForDeploymentPostprocessing = 0;
		};
/* End PBXSourcesBuildPhase section */

/* Begin PBXVariantGroup section */
		81A3862E1CA08FD4007265F3 /* Main.storyboard */ = {
			isa = PBXVariantGroup;
			children = (
				81A3862F1CA08FD4007265F3 /* Base */,
			);
			name = Main.storyboard;
			sourceTree = "<group>";
		};
		81A386331CA08FD4007265F3 /* LaunchScreen.storyboard */ = {
			isa = PBXVariantGroup;
			children = (
				81A386341CA08FD4007265F3 /* Base */,
			);
			name = LaunchScreen.storyboard;
			sourceTree = "<group>";
		};
/* End PBXVariantGroup section */

/* Begin XCBuildConfiguration section */
		81A386371CA08FD4007265F3 /* Debug */ = {
			isa = XCBuildConfiguration;
			buildSettings = {
				ALWAYS_SEARCH_USER_PATHS = NO;
				CLANG_CXX_LANGUAGE_STANDARD = "gnu++0x";
				CLANG_CXX_LIBRARY = "libc++";
				CLANG_ENABLE_MODULES = YES;
				CLANG_ENABLE_OBJC_ARC = YES;
				CLANG_WARN_BOOL_CONVERSION = YES;
				CLANG_WARN_CONSTANT_CONVERSION = YES;
				CLANG_WARN_DIRECT_OBJC_ISA_USAGE = YES_ERROR;
				CLANG_WARN_EMPTY_BODY = YES;
				CLANG_WARN_ENUM_CONVERSION = YES;
				CLANG_WARN_INT_CONVERSION = YES;
				CLANG_WARN_OBJC_ROOT_CLASS = YES_ERROR;
				CLANG_WARN_UNREACHABLE_CODE = YES;
				CLANG_WARN__DUPLICATE_METHOD_MATCH = YES;
				"CODE_SIGN_IDENTITY[sdk=iphoneos*]" = "iPhone Developer";
				COPY_PHASE_STRIP = NO;
				DEBUG_INFORMATION_FORMAT = dwarf;
				ENABLE_STRICT_OBJC_MSGSEND = YES;
				ENABLE_TESTABILITY = YES;
				GCC_C_LANGUAGE_STANDARD = gnu99;
				GCC_DYNAMIC_NO_PIC = NO;
				GCC_NO_COMMON_BLOCKS = YES;
				GCC_OPTIMIZATION_LEVEL = 0;
				GCC_PREPROCESSOR_DEFINITIONS = (
					"DEBUG=1",
					"$(inherited)",
				);
				GCC_WARN_64_TO_32_BIT_CONVERSION = YES;
				GCC_WARN_ABOUT_RETURN_TYPE = YES_ERROR;
				GCC_WARN_UNDECLARED_SELECTOR = YES;
				GCC_WARN_UNINITIALIZED_AUTOS = YES_AGGRESSIVE;
				GCC_WARN_UNUSED_FUNCTION = YES;
				GCC_WARN_UNUSED_VARIABLE = YES;
				IPHONEOS_DEPLOYMENT_TARGET = 9.2;
				MTL_ENABLE_DEBUG_INFO = YES;
				ONLY_ACTIVE_ARCH = YES;
				SDKROOT = iphoneos;
				SWIFT_OPTIMIZATION_LEVEL = "-Onone";
				TARGETED_DEVICE_FAMILY = "1,2";
			};
			name = Debug;
		};
		81A386381CA08FD4007265F3 /* Release */ = {
			isa = XCBuildConfiguration;
			buildSettings = {
				ALWAYS_SEARCH_USER_PATHS = NO;
				CLANG_CXX_LANGUAGE_STANDARD = "gnu++0x";
				CLANG_CXX_LIBRARY = "libc++";
				CLANG_ENABLE_MODULES = YES;
				CLANG_ENABLE_OBJC_ARC = YES;
				CLANG_WARN_BOOL_CONVERSION = YES;
				CLANG_WARN_CONSTANT_CONVERSION = YES;
				CLANG_WARN_DIRECT_OBJC_ISA_USAGE = YES_ERROR;
				CLANG_WARN_EMPTY_BODY = YES;
				CLANG_WARN_ENUM_CONVERSION = YES;
				CLANG_WARN_INT_CONVERSION = YES;
				CLANG_WARN_OBJC_ROOT_CLASS = YES_ERROR;
				CLANG_WARN_UNREACHABLE_CODE = YES;
				CLANG_WARN__DUPLICATE_METHOD_MATCH = YES;
				"CODE_SIGN_IDENTITY[sdk=iphoneos*]" = "iPhone Developer";
				COPY_PHASE_STRIP = NO;
				DEBUG_INFORMATION_FORMAT = "dwarf-with-dsym";
				ENABLE_NS_ASSERTIONS = NO;
				ENABLE_STRICT_OBJC_MSGSEND = YES;
				GCC_C_LANGUAGE_STANDARD = gnu99;
				GCC_NO_COMMON_BLOCKS = YES;
				GCC_WARN_64_TO_32_BIT_CONVERSION = YES;
				GCC_WARN_ABOUT_RETURN_TYPE = YES_ERROR;
				GCC_WARN_UNDECLARED_SELECTOR = YES;
				GCC_WARN_UNINITIALIZED_AUTOS = YES_AGGRESSIVE;
				GCC_WARN_UNUSED_FUNCTION = YES;
				GCC_WARN_UNUSED_VARIABLE = YES;
				IPHONEOS_DEPLOYMENT_TARGET = 9.2;
				MTL_ENABLE_DEBUG_INFO = NO;
				SDKROOT = iphoneos;
				TARGETED_DEVICE_FAMILY = "1,2";
				VALIDATE_PRODUCT = YES;
			};
			name = Release;
		};
		81A3863A1CA08FD4007265F3 /* Debug */ = {
			isa = XCBuildConfiguration;
			buildSettings = {
				ASSETCATALOG_COMPILER_APPICON_NAME = AppIcon;
				INFOPLIST_FILE = YelpDemo/Info.plist;
				LD_RUNPATH_SEARCH_PATHS = "$(inherited) @executable_path/Frameworks";
				PRODUCT_BUNDLE_IDENTIFIER = jyaunches.YelpDemo;
				PRODUCT_NAME = "$(TARGET_NAME)";
			};
			name = Debug;
		};
		81A3863B1CA08FD4007265F3 /* Release */ = {
			isa = XCBuildConfiguration;
			buildSettings = {
				ASSETCATALOG_COMPILER_APPICON_NAME = AppIcon;
				INFOPLIST_FILE = YelpDemo/Info.plist;
				LD_RUNPATH_SEARCH_PATHS = "$(inherited) @executable_path/Frameworks";
				PRODUCT_BUNDLE_IDENTIFIER = jyaunches.YelpDemo;
				PRODUCT_NAME = "$(TARGET_NAME)";
			};
			name = Release;
		};
/* End XCBuildConfiguration section */

/* Begin XCConfigurationList section */
		81A386221CA08FD4007265F3 /* Build configuration list for PBXProject "YelpDemo" */ = {
			isa = XCConfigurationList;
			buildConfigurations = (
				81A386371CA08FD4007265F3 /* Debug */,
				81A386381CA08FD4007265F3 /* Release */,
			);
			defaultConfigurationIsVisible = 0;
			defaultConfigurationName = Release;
		};
		81A386391CA08FD4007265F3 /* Build configuration list for PBXNativeTarget "YelpDemo" */ = {
			isa = XCConfigurationList;
			buildConfigurations = (
				81A3863A1CA08FD4007265F3 /* Debug */,
				81A3863B1CA08FD4007265F3 /* Release */,
			);
			defaultConfigurationIsVisible = 0;
		};
/* End XCConfigurationList section */
	};
	rootObject = 81A3861F1CA08FD4007265F3 /* Project object */;
}
